
Microsoft Visual Studio Solution File, Format Version 12.00
Project("{FAE04EC0-301F-11D3-BF4B-00C04F79EFBC}") = "teko_bot", "teko_bot\teko_bot.csproj", "{DDEC9967-2B91-4835-9EF4-E523D38C8A68}"
EndProject
Global
	GlobalSection(SolutionConfigurationPlatforms) = preSolution
		Debug|Any CPU = Debug|Any CPU
		Release|Any CPU = Release|Any CPU
	EndGlobalSection
	GlobalSection(ProjectConfigurationPlatforms) = postSolution
		{DDEC9967-2B91-4835-9EF4-E523D38C8A68}.Debug|Any CPU.ActiveCfg = Debug|Any CPU
		{DDEC9967-2B91-4835-9EF4-E523D38C8A68}.Debug|Any CPU.Build.0 = Debug|Any CPU
		{DDEC9967-2B91-4835-9EF4-E523D38C8A68}.Release|Any CPU.ActiveCfg = Release|Any CPU
		{DDEC9967-2B91-4835-9EF4-E523D38C8A68}.Release|Any CPU.Build.0 = Release|Any CPU
	EndGlobalSection
EndGlobal
